
Microsoft Visual Studio Solution File, Format Version 12.00
# Visual Studio Version 17
VisualStudioVersion = 17.11.35222.181
MinimumVisualStudioVersion = 10.0.40219.1
Project("{FAE04EC0-301F-11D3-BF4B-00C04F79EFBC}") = "CourseManagament", "CourseManagament\CourseManagament.csproj", "{BBC14655-D897-4DFF-883F-E561DCDC1307}"
EndProject
Global
	GlobalSection(SolutionConfigurationPlatforms) = preSolution
		Debug|Any CPU = Debug|Any CPU
		Release|Any CPU = Release|Any CPU
	EndGlobalSection
	GlobalSection(ProjectConfigurationPlatforms) = postSolution
		{BBC14655-D897-4DFF-883F-E561DCDC1307}.Debug|Any CPU.ActiveCfg = Debug|Any CPU
		{BBC14655-D897-4DFF-883F-E561DCDC1307}.Debug|Any CPU.Build.0 = Debug|Any CPU
		{BBC14655-D897-4DFF-883F-E561DCDC1307}.Release|Any CPU.ActiveCfg = Release|Any CPU
		{BBC14655-D897-4DFF-883F-E561DCDC1307}.Release|Any CPU.Build.0 = Release|Any CPU
	EndGlobalSection
	GlobalSection(SolutionProperties) = preSolution
		HideSolutionNode = FALSE
	EndGlobalSection
	GlobalSection(ExtensibilityGlobals) = postSolution
		SolutionGuid = {4E9EAA23-C27F-4167-982C-92FEE4D2E760}
	EndGlobalSection
EndGlobal
